
Microsoft Visual Studio Solution File, Format Version 12.00
# Visual Studio Version 17
VisualStudioVersion = 17.6.33801.468
MinimumVisualStudioVersion = 10.0.40219.1
Project("{FAE04EC0-301F-11D3-BF4B-00C04F79EFBC}") = "MyReflection", "MyReflection\MyReflection.csproj", "{6BB4BD12-9B9D-4B98-84DA-44DC355159BE}"
EndProject
Project("{FAE04EC0-301F-11D3-BF4B-00C04F79EFBC}") = "PrintOperations", "PrintOperations\PrintOperations.csproj", "{89CDF672-6005-406A-B3F8-48E823AB41A8}"
EndProject
Global
	GlobalSection(SolutionConfigurationPlatforms) = preSolution
		Debug|Any CPU = Debug|Any CPU
		Release|Any CPU = Release|Any CPU
	EndGlobalSection
	GlobalSection(ProjectConfigurationPlatforms) = postSolution
		{6BB4BD12-9B9D-4B98-84DA-44DC355159BE}.Debug|Any CPU.ActiveCfg = Debug|Any CPU
		{6BB4BD12-9B9D-4B98-84DA-44DC355159BE}.Debug|Any CPU.Build.0 = Debug|Any CPU
		{6BB4BD12-9B9D-4B98-84DA-44DC355159BE}.Release|Any CPU.ActiveCfg = Release|Any CPU
		{6BB4BD12-9B9D-4B98-84DA-44DC355159BE}.Release|Any CPU.Build.0 = Release|Any CPU
		{89CDF672-6005-406A-B3F8-48E823AB41A8}.Debug|Any CPU.ActiveCfg = Debug|Any CPU
		{89CDF672-6005-406A-B3F8-48E823AB41A8}.Debug|Any CPU.Build.0 = Debug|Any CPU
		{89CDF672-6005-406A-B3F8-48E823AB41A8}.Release|Any CPU.ActiveCfg = Release|Any CPU
		{89CDF672-6005-406A-B3F8-48E823AB41A8}.Release|Any CPU.Build.0 = Release|Any CPU
	EndGlobalSection
	GlobalSection(SolutionProperties) = preSolution
		HideSolutionNode = FALSE
	EndGlobalSection
	GlobalSection(ExtensibilityGlobals) = postSolution
		SolutionGuid = {66B1B732-E416-4FA5-BBF7-BA72A2A117D1}
	EndGlobalSection
EndGlobal
